
Microsoft Visual Studio Solution File, Format Version 12.00
# Visual Studio Version 17
VisualStudioVersion = 17.14.36616.10 d17.14
MinimumVisualStudioVersion = 10.0.40219.1
Project("{FAE04EC0-301F-11D3-BF4B-00C04F79EFBC}") = "ControleArmazem", "ControleArmazem\ControleArmazem.csproj", "{66B1AEF3-760C-24BB-8A32-92ED346484EC}"
EndProject
Global
	GlobalSection(SolutionConfigurationPlatforms) = preSolution
		Debug|Any CPU = Debug|Any CPU
		Release|Any CPU = Release|Any CPU
	EndGlobalSection
	GlobalSection(ProjectConfigurationPlatforms) = postSolution
		{66B1AEF3-760C-24BB-8A32-92ED346484EC}.Debug|Any CPU.ActiveCfg = Debug|Any CPU
		{66B1AEF3-760C-24BB-8A32-92ED346484EC}.Debug|Any CPU.Build.0 = Debug|Any CPU
		{66B1AEF3-760C-24BB-8A32-92ED346484EC}.Release|Any CPU.ActiveCfg = Release|Any CPU
		{66B1AEF3-760C-24BB-8A32-92ED346484EC}.Release|Any CPU.Build.0 = Release|Any CPU
	EndGlobalSection
	GlobalSection(SolutionProperties) = preSolution
		HideSolutionNode = FALSE
	EndGlobalSection
	GlobalSection(ExtensibilityGlobals) = postSolution
		SolutionGuid = {A6F28C02-3CFB-4827-8F40-0B6C1B4D97FC}
	EndGlobalSection
EndGlobal
